
Microsoft Visual Studio Solution File, Format Version 12.00
# Visual Studio Version 16
VisualStudioVersion = 16.0.29009.5
MinimumVisualStudioVersion = 10.0.40219.1
Project("{9A19103F-16F7-4668-BE54-9A1E7A4F7556}") = "NetCoreWebApiPoC.Domain", "NetCoreWebApiPoC.Domain\NetCoreWebApiPoC.Domain.csproj", "{10666C23-F8B1-440C-8AC1-1283554EBEED}"
EndProject
Project("{9A19103F-16F7-4668-BE54-9A1E7A4F7556}") = "NetCoreWebApiPoC.Application", "NetCoreWebApiPoC.Application\NetCoreWebApiPoC.Application.csproj", "{AE9D8043-B700-41BF-B968-B6F524732A52}"
EndProject
Project("{9A19103F-16F7-4668-BE54-9A1E7A4F7556}") = "NetCoreWebApiPoc.Persistence", "NetCoreWebApiPoc.Persistence\NetCoreWebApiPoc.Persistence.csproj", "{D7B88506-4CB3-456B-9344-86EDEB2DBB14}"
EndProject
Project("{9A19103F-16F7-4668-BE54-9A1E7A4F7556}") = "NetCoreWebApiPoC.WebUI", "NetCoreWebApiPoC.WebUI\NetCoreWebApiPoC.WebUI.csproj", "{BCF07414-8423-4018-B246-361239CA644F}"
EndProject
Project("{9A19103F-16F7-4668-BE54-9A1E7A4F7556}") = "NetCoreWebApiPoC.Application.Tests", "NetCoreWebApiPoC.Application.Tests\NetCoreWebApiPoC.Application.Tests.csproj", "{AEB3714F-89EE-4919-87A0-121AA86C869B}"
EndProject
Project("{FAE04EC0-301F-11D3-BF4B-00C04F79EFBC}") = "NetCoreWebApiPoC.WebUI.FunctionalTests", "NetCoreWebApiPoC.WebUI.FunctionalTests\NetCoreWebApiPoC.WebUI.FunctionalTests.csproj", "{8D3CEF0E-6A08-465C-AFE0-31229ED399BC}"
EndProject
Global
	GlobalSection(SolutionConfigurationPlatforms) = preSolution
		Debug|Any CPU = Debug|Any CPU
		Release|Any CPU = Release|Any CPU
	EndGlobalSection
	GlobalSection(ProjectConfigurationPlatforms) = postSolution
		{10666C23-F8B1-440C-8AC1-1283554EBEED}.Debug|Any CPU.ActiveCfg = Debug|Any CPU
		{10666C23-F8B1-440C-8AC1-1283554EBEED}.Debug|Any CPU.Build.0 = Debug|Any CPU
		{10666C23-F8B1-440C-8AC1-1283554EBEED}.Release|Any CPU.ActiveCfg = Release|Any CPU
		{10666C23-F8B1-440C-8AC1-1283554EBEED}.Release|Any CPU.Build.0 = Release|Any CPU
		{AE9D8043-B700-41BF-B968-B6F524732A52}.Debug|Any CPU.ActiveCfg = Debug|Any CPU
		{AE9D8043-B700-41BF-B968-B6F524732A52}.Debug|Any CPU.Build.0 = Debug|Any CPU
		{AE9D8043-B700-41BF-B968-B6F524732A52}.Release|Any CPU.ActiveCfg = Release|Any CPU
		{AE9D8043-B700-41BF-B968-B6F524732A52}.Release|Any CPU.Build.0 = Release|Any CPU
		{D7B88506-4CB3-456B-9344-86EDEB2DBB14}.Debug|Any CPU.ActiveCfg = Debug|Any CPU
		{D7B88506-4CB3-456B-9344-86EDEB2DBB14}.Debug|Any CPU.Build.0 = Debug|Any CPU
		{D7B88506-4CB3-456B-9344-86EDEB2DBB14}.Release|Any CPU.ActiveCfg = Release|Any CPU
		{D7B88506-4CB3-456B-9344-86EDEB2DBB14}.Release|Any CPU.Build.0 = Release|Any CPU
		{BCF07414-8423-4018-B246-361239CA644F}.Debug|Any CPU.ActiveCfg = Debug|Any CPU
		{BCF07414-8423-4018-B246-361239CA644F}.Debug|Any CPU.Build.0 = Debug|Any CPU
		{BCF07414-8423-4018-B246-361239CA644F}.Release|Any CPU.ActiveCfg = Release|Any CPU
		{BCF07414-8423-4018-B246-361239CA644F}.Release|Any CPU.Build.0 = Release|Any CPU
		{AEB3714F-89EE-4919-87A0-121AA86C869B}.Debug|Any CPU.ActiveCfg = Debug|Any CPU
		{AEB3714F-89EE-4919-87A0-121AA86C869B}.Debug|Any CPU.Build.0 = Debug|Any CPU
		{AEB3714F-89EE-4919-87A0-121AA86C869B}.Release|Any CPU.ActiveCfg = Release|Any CPU
		{AEB3714F-89EE-4919-87A0-121AA86C869B}.Release|Any CPU.Build.0 = Release|Any CPU
		{8D3CEF0E-6A08-465C-AFE0-31229ED399BC}.Debug|Any CPU.ActiveCfg = Debug|Any CPU
		{8D3CEF0E-6A08-465C-AFE0-31229ED399BC}.Debug|Any CPU.Build.0 = Debug|Any CPU
		{8D3CEF0E-6A08-465C-AFE0-31229ED399BC}.Release|Any CPU.ActiveCfg = Release|Any CPU
		{8D3CEF0E-6A08-465C-AFE0-31229ED399BC}.Release|Any CPU.Build.0 = Release|Any CPU
	EndGlobalSection
	GlobalSection(SolutionProperties) = preSolution
		HideSolutionNode = FALSE
	EndGlobalSection
	GlobalSection(ExtensibilityGlobals) = postSolution
		SolutionGuid = {89482264-4170-4EEB-AEC5-0DF62FBA17B0}
	EndGlobalSection
EndGlobal
