
Microsoft Visual Studio Solution File, Format Version 12.00
# Visual Studio Version 16
VisualStudioVersion = 16.0.29009.5
MinimumVisualStudioVersion = 10.0.40219.1
Project("{9A19103F-16F7-4668-BE54-9A1E7A4F7556}") = "NetCoreWebApiPoC.Data", "NetCoreWebApiPoC.Data\NetCoreWebApiPoC.Data.csproj", "{30110F30-136F-42AD-9231-98D8D292A4EB}"
EndProject
Project("{9A19103F-16F7-4668-BE54-9A1E7A4F7556}") = "NetCoreWebApiPoC.Domain", "NetCoreWebApiPoC.Domain\NetCoreWebApiPoC.Domain.csproj", "{00DEACDE-AE3E-4893-9719-52F1B72865C3}"
EndProject
Project("{9A19103F-16F7-4668-BE54-9A1E7A4F7556}") = "NetCoreWebApiPoC.Test", "NetCoreWebApiPoC.Test\NetCoreWebApiPoC.Test.csproj", "{08EE0EB2-6F09-4B3D-B6E2-D0D32E60396D}"
EndProject
Project("{9A19103F-16F7-4668-BE54-9A1E7A4F7556}") = "NetCoreWebApiPoC.WebUI", "NetCoreWebApiPoC.WebUI\NetCoreWebApiPoC.WebUI.csproj", "{1457CA61-5370-4CA1-8C57-02D161985919}"
EndProject
Project("{FAE04EC0-301F-11D3-BF4B-00C04F79EFBC}") = "NetCoreWebApiPoc.Persistence", "NetCoreWebApiPoc.Persistence\NetCoreWebApiPoc.Persistence.csproj", "{58AD9BDC-6F09-4DE8-939C-8DCB63ECD0CC}"
EndProject
Global
	GlobalSection(SolutionConfigurationPlatforms) = preSolution
		Debug|Any CPU = Debug|Any CPU
		Release|Any CPU = Release|Any CPU
	EndGlobalSection
	GlobalSection(ProjectConfigurationPlatforms) = postSolution
		{30110F30-136F-42AD-9231-98D8D292A4EB}.Debug|Any CPU.ActiveCfg = Debug|Any CPU
		{30110F30-136F-42AD-9231-98D8D292A4EB}.Debug|Any CPU.Build.0 = Debug|Any CPU
		{30110F30-136F-42AD-9231-98D8D292A4EB}.Release|Any CPU.ActiveCfg = Release|Any CPU
		{30110F30-136F-42AD-9231-98D8D292A4EB}.Release|Any CPU.Build.0 = Release|Any CPU
		{00DEACDE-AE3E-4893-9719-52F1B72865C3}.Debug|Any CPU.ActiveCfg = Debug|Any CPU
		{00DEACDE-AE3E-4893-9719-52F1B72865C3}.Debug|Any CPU.Build.0 = Debug|Any CPU
		{00DEACDE-AE3E-4893-9719-52F1B72865C3}.Release|Any CPU.ActiveCfg = Release|Any CPU
		{00DEACDE-AE3E-4893-9719-52F1B72865C3}.Release|Any CPU.Build.0 = Release|Any CPU
		{08EE0EB2-6F09-4B3D-B6E2-D0D32E60396D}.Debug|Any CPU.ActiveCfg = Debug|Any CPU
		{08EE0EB2-6F09-4B3D-B6E2-D0D32E60396D}.Debug|Any CPU.Build.0 = Debug|Any CPU
		{08EE0EB2-6F09-4B3D-B6E2-D0D32E60396D}.Release|Any CPU.ActiveCfg = Release|Any CPU
		{08EE0EB2-6F09-4B3D-B6E2-D0D32E60396D}.Release|Any CPU.Build.0 = Release|Any CPU
		{1457CA61-5370-4CA1-8C57-02D161985919}.Debug|Any CPU.ActiveCfg = Debug|Any CPU
		{1457CA61-5370-4CA1-8C57-02D161985919}.Debug|Any CPU.Build.0 = Debug|Any CPU
		{1457CA61-5370-4CA1-8C57-02D161985919}.Release|Any CPU.ActiveCfg = Release|Any CPU
		{1457CA61-5370-4CA1-8C57-02D161985919}.Release|Any CPU.Build.0 = Release|Any CPU
		{58AD9BDC-6F09-4DE8-939C-8DCB63ECD0CC}.Debug|Any CPU.ActiveCfg = Debug|Any CPU
		{58AD9BDC-6F09-4DE8-939C-8DCB63ECD0CC}.Debug|Any CPU.Build.0 = Debug|Any CPU
		{58AD9BDC-6F09-4DE8-939C-8DCB63ECD0CC}.Release|Any CPU.ActiveCfg = Release|Any CPU
		{58AD9BDC-6F09-4DE8-939C-8DCB63ECD0CC}.Release|Any CPU.Build.0 = Release|Any CPU
	EndGlobalSection
	GlobalSection(SolutionProperties) = preSolution
		HideSolutionNode = FALSE
	EndGlobalSection
	GlobalSection(ExtensibilityGlobals) = postSolution
		SolutionGuid = {89482264-4170-4EEB-AEC5-0DF62FBA17B0}
	EndGlobalSection
EndGlobal
